// !$*UTF8*$!
{
	archiveVersion = 1;
	classes = {
	};
	objectVersion = 56;
	objects = {

/* Begin PBXBuildFile section */
		5D50E8BB2B359F8500048370 /* A39GesturesApp.swift in Sources */ = {isa = PBXBuildFile; fileRef = 5D50E8BA2B359F8500048370 /* A39GesturesApp.swift */; };
		5D50E8BD2B359F8500048370 /* ContentView.swift in Sources */ = {isa = PBXBuildFile; fileRef = 5D50E8BC2B359F8500048370 /* ContentView.swift */; };
		5D50E8BF2B359F8600048370 /* Assets.xcassets in Resources */ = {isa = PBXBuildFile; fileRef = 5D50E8BE2B359F8600048370 /* Assets.xcassets */; };
		5D50E8C22B359F8600048370 /* Preview Assets.xcassets in Resources */ = {isa = PBXBuildFile; fileRef = 5D50E8C12B359F8600048370 /* Preview Assets.xcassets */; };
		5D50E8CB2B35A60300048370 /* LongPressGesture.swift in Sources */ = {isa = PBXBuildFile; fileRef = 5D50E8CA2B35A60300048370 /* LongPressGesture.swift */; };
		5D50E8CF2B35B79D00048370 /* Tap.swift in Sources */ = {isa = PBXBuildFile; fileRef = 5D50E8CE2B35B79D00048370 /* Tap.swift */; };
		5D50E8D12B35BD5600048370 /* PinchGesture.swift in Sources */ = {isa = PBXBuildFile; fileRef = 5D50E8D02B35BD5600048370 /* PinchGesture.swift */; };
		5D50E8D52B35CF4400048370 /* DragGesture.swift in Sources */ = {isa = PBXBuildFile; fileRef = 5D50E8D42B35CF4400048370 /* DragGesture.swift */; };
		5D50E8D72B35F48A00048370 /* TinderEffectView.swift in Sources */ = {isa = PBXBuildFile; fileRef = 5D50E8D62B35F48A00048370 /* TinderEffectView.swift */; };
		5D50E8DA2B36093200048370 /* Helper+Extension.swift in Sources */ = {isa = PBXBuildFile; fileRef = 5D50E8D92B36093200048370 /* Helper+Extension.swift */; };
		5D50E8DC2B3609A400048370 /* ProfileImageView.swift in Sources */ = {isa = PBXBuildFile; fileRef = 5D50E8DB2B3609A400048370 /* ProfileImageView.swift */; };
/* End PBXBuildFile section */

/* Begin PBXFileReference section */
		5D50E8B72B359F8500048370 /* A39Gestures.app */ = {isa = PBXFileReference; explicitFileType = wrapper.application; includeInIndex = 0; path = A39Gestures.app; sourceTree = BUILT_PRODUCTS_DIR; };
		5D50E8BA2B359F8500048370 /* A39GesturesApp.swift */ = {isa = PBXFileReference; lastKnownFileType = sourcecode.swift; path = A39GesturesApp.swift; sourceTree = "<group>"; };
		5D50E8BC2B359F8500048370 /* ContentView.swift */ = {isa = PBXFileReference; lastKnownFileType = sourcecode.swift; path = ContentView.swift; sourceTree = "<group>"; };
		5D50E8BE2B359F8600048370 /* Assets.xcassets */ = {isa = PBXFileReference; lastKnownFileType = folder.assetcatalog; path = Assets.xcassets; sourceTree = "<group>"; };
		5D50E8C12B359F8600048370 /* Preview Assets.xcassets */ = {isa = PBXFileReference; lastKnownFileType = folder.assetcatalog; path = "Preview Assets.xcassets"; sourceTree = "<group>"; };
		5D50E8CA2B35A60300048370 /* LongPressGesture.swift */ = {isa = PBXFileReference; lastKnownFileType = sourcecode.swift; path = LongPressGesture.swift; sourceTree = "<group>"; };
		5D50E8CE2B35B79D00048370 /* Tap.swift */ = {isa = PBXFileReference; lastKnownFileType = sourcecode.swift; path = Tap.swift; sourceTree = "<group>"; };
		5D50E8D02B35BD5600048370 /* PinchGesture.swift */ = {isa = PBXFileReference; lastKnownFileType = sourcecode.swift; path = PinchGesture.swift; sourceTree = "<group>"; };
		5D50E8D42B35CF4400048370 /* DragGesture.swift */ = {isa = PBXFileReference; lastKnownFileType = sourcecode.swift; path = DragGesture.swift; sourceTree = "<group>"; };
		5D50E8D62B35F48A00048370 /* TinderEffectView.swift */ = {isa = PBXFileReference; lastKnownFileType = sourcecode.swift; path = TinderEffectView.swift; sourceTree = "<group>"; };
		5D50E8D92B36093200048370 /* Helper+Extension.swift */ = {isa = PBXFileReference; lastKnownFileType = sourcecode.swift; path = "Helper+Extension.swift"; sourceTree = "<group>"; };
		5D50E8DB2B3609A400048370 /* ProfileImageView.swift */ = {isa = PBXFileReference; lastKnownFileType = sourcecode.swift; path = ProfileImageView.swift; sourceTree = "<group>"; };
/* End PBXFileReference section */

/* Begin PBXFrameworksBuildPhase section */
		5D50E8B42B359F8500048370 /* Frameworks */ = {
			isa = PBXFrameworksBuildPhase;
			buildActionMask = 2147483647;
			files = (
			);
			runOnlyForDeploymentPostprocessing = 0;
		};
/* End PBXFrameworksBuildPhase section */

/* Begin PBXGroup section */
		5D50E8AE2B359F8500048370 = {
			isa = PBXGroup;
			children = (
				5D50E8B92B359F8500048370 /* A39Gestures */,
				5D50E8B82B359F8500048370 /* Products */,
			);
			sourceTree = "<group>";
		};
		5D50E8B82B359F8500048370 /* Products */ = {
			isa = PBXGroup;
			children = (
				5D50E8B72B359F8500048370 /* A39Gestures.app */,
			);
			name = Products;
			sourceTree = "<group>";
		};
		5D50E8B92B359F8500048370 /* A39Gestures */ = {
			isa = PBXGroup;
			children = (
				5D50E8BA2B359F8500048370 /* A39GesturesApp.swift */,
				5D50E8BC2B359F8500048370 /* ContentView.swift */,
				5D50E8CE2B35B79D00048370 /* Tap.swift */,
				5D50E8CA2B35A60300048370 /* LongPressGesture.swift */,
				5D50E8D02B35BD5600048370 /* PinchGesture.swift */,
				5D50E8D42B35CF4400048370 /* DragGesture.swift */,
				5D50E8D82B36066000048370 /* Optional */,
				5D50E8BE2B359F8600048370 /* Assets.xcassets */,
				5D50E8C02B359F8600048370 /* Preview Content */,
			);
			path = A39Gestures;
			sourceTree = "<group>";
		};
		5D50E8C02B359F8600048370 /* Preview Content */ = {
			isa = PBXGroup;
			children = (
				5D50E8C12B359F8600048370 /* Preview Assets.xcassets */,
			);
			path = "Preview Content";
			sourceTree = "<group>";
		};
		5D50E8D82B36066000048370 /* Optional */ = {
			isa = PBXGroup;
			children = (
				5D50E8D62B35F48A00048370 /* TinderEffectView.swift */,
				5D50E8DB2B3609A400048370 /* ProfileImageView.swift */,
				5D50E8D92B36093200048370 /* Helper+Extension.swift */,
			);
			path = Optional;
			sourceTree = "<group>";
		};
/* End PBXGroup section */

/* Begin PBXNativeTarget section */
		5D50E8B62B359F8500048370 /* A39Gestures */ = {
			isa = PBXNativeTarget;
			buildConfigurationList = 5D50E8C52B359F8600048370 /* Build configuration list for PBXNativeTarget "A39Gestures" */;
			buildPhases = (
				5D50E8B32B359F8500048370 /* Sources */,
				5D50E8B42B359F8500048370 /* Frameworks */,
				5D50E8B52B359F8500048370 /* Resources */,
			);
			buildRules = (
			);
			dependencies = (
			);
			name = A39Gestures;
			productName = A39Gestures;
			productReference = 5D50E8B72B359F8500048370 /* A39Gestures.app */;
			productType = "com.apple.product-type.application";
		};
/* End PBXNativeTarget section */

/* Begin PBXProject section */
		5D50E8AF2B359F8500048370 /* Project object */ = {
			isa = PBXProject;
			attributes = {
				BuildIndependentTargetsInParallel = 1;
				LastSwiftUpdateCheck = 1500;
				LastUpgradeCheck = 1500;
				TargetAttributes = {
					5D50E8B62B359F8500048370 = {
						CreatedOnToolsVersion = 15.0;
					};
				};
			};
			buildConfigurationList = 5D50E8B22B359F8500048370 /* Build configuration list for PBXProject "A39Gestures" */;
			compatibilityVersion = "Xcode 14.0";
			developmentRegion = en;
			hasScannedForEncodings = 0;
			knownRegions = (
				en,
				Base,
			);
			mainGroup = 5D50E8AE2B359F8500048370;
			productRefGroup = 5D50E8B82B359F8500048370 /* Products */;
			projectDirPath = "";
			projectRoot = "";
			targets = (
				5D50E8B62B359F8500048370 /* A39Gestures */,
			);
		};
/* End PBXProject section */

/* Begin PBXResourcesBuildPhase section */
		5D50E8B52B359F8500048370 /* Resources */ = {
			isa = PBXResourcesBuildPhase;
			buildActionMask = 2147483647;
			files = (
				5D50E8C22B359F8600048370 /* Preview Assets.xcassets in Resources */,
				5D50E8BF2B359F8600048370 /* Assets.xcassets in Resources */,
			);
			runOnlyForDeploymentPostprocessing = 0;
		};
/* End PBXResourcesBuildPhase section */

/* Begin PBXSourcesBuildPhase section */
		5D50E8B32B359F8500048370 /* Sources */ = {
			isa = PBXSourcesBuildPhase;
			buildActionMask = 2147483647;
			files = (
				5D50E8BD2B359F8500048370 /* ContentView.swift in Sources */,
				5D50E8DA2B36093200048370 /* Helper+Extension.swift in Sources */,
				5D50E8CF2B35B79D00048370 /* Tap.swift in Sources */,
				5D50E8D12B35BD5600048370 /* PinchGesture.swift in Sources */,
				5D50E8CB2B35A60300048370 /* LongPressGesture.swift in Sources */,
				5D50E8BB2B359F8500048370 /* A39GesturesApp.swift in Sources */,
				5D50E8D72B35F48A00048370 /* TinderEffectView.swift in Sources */,
				5D50E8D52B35CF4400048370 /* DragGesture.swift in Sources */,
				5D50E8DC2B3609A400048370 /* ProfileImageView.swift in Sources */,
			);
			runOnlyForDeploymentPostprocessing = 0;
		};
/* End PBXSourcesBuildPhase section */

/* Begin XCBuildConfiguration section */
		5D50E8C32B359F8600048370 /* Debug */ = {
			isa = XCBuildConfiguration;
			buildSettings = {
				ALWAYS_SEARCH_USER_PATHS = NO;
				ASSETCATALOG_COMPILER_GENERATE_SWIFT_ASSET_SYMBOL_EXTENSIONS = YES;
				CLANG_ANALYZER_NONNULL = YES;
				CLANG_ANALYZER_NUMBER_OBJECT_CONVERSION = YES_AGGRESSIVE;
				CLANG_CXX_LANGUAGE_STANDARD = "gnu++20";
				CLANG_ENABLE_MODULES = YES;
				CLANG_ENABLE_OBJC_ARC = YES;
				CLANG_ENABLE_OBJC_WEAK = YES;
				CLANG_WARN_BLOCK_CAPTURE_AUTORELEASING = YES;
				CLANG_WARN_BOOL_CONVERSION = YES;
				CLANG_WARN_COMMA = YES;
				CLANG_WARN_CONSTANT_CONVERSION = YES;
				CLANG_WARN_DEPRECATED_OBJC_IMPLEMENTATIONS = YES;
				CLANG_WARN_DIRECT_OBJC_ISA_USAGE = YES_ERROR;
				CLANG_WARN_DOCUMENTATION_COMMENTS = YES;
				CLANG_WARN_EMPTY_BODY = YES;
				CLANG_WARN_ENUM_CONVERSION = YES;
				CLANG_WARN_INFINITE_RECURSION = YES;
				CLANG_WARN_INT_CONVERSION = YES;
				CLANG_WARN_NON_LITERAL_NULL_CONVERSION = YES;
				CLANG_WARN_OBJC_IMPLICIT_RETAIN_SELF = YES;
				CLANG_WARN_OBJC_LITERAL_CONVERSION = YES;
				CLANG_WARN_OBJC_ROOT_CLASS = YES_ERROR;
				CLANG_WARN_QUOTED_INCLUDE_IN_FRAMEWORK_HEADER = YES;
				CLANG_WARN_RANGE_LOOP_ANALYSIS = YES;
				CLANG_WARN_STRICT_PROTOTYPES = YES;
				CLANG_WARN_SUSPICIOUS_MOVE = YES;
				CLANG_WARN_UNGUARDED_AVAILABILITY = YES_AGGRESSIVE;
				CLANG_WARN_UNREACHABLE_CODE = YES;
				CLANG_WARN__DUPLICATE_METHOD_MATCH = YES;
				COPY_PHASE_STRIP = NO;
				DEBUG_INFORMATION_FORMAT = dwarf;
				ENABLE_STRICT_OBJC_MSGSEND = YES;
				ENABLE_TESTABILITY = YES;
				ENABLE_USER_SCRIPT_SANDBOXING = YES;
				GCC_C_LANGUAGE_STANDARD = gnu17;
				GCC_DYNAMIC_NO_PIC = NO;
				GCC_NO_COMMON_BLOCKS = YES;
				GCC_OPTIMIZATION_LEVEL = 0;
				GCC_PREPROCESSOR_DEFINITIONS = (
					"DEBUG=1",
					"$(inherited)",
				);
				GCC_WARN_64_TO_32_BIT_CONVERSION = YES;
				GCC_WARN_ABOUT_RETURN_TYPE = YES_ERROR;
				GCC_WARN_UNDECLARED_SELECTOR = YES;
				GCC_WARN_UNINITIALIZED_AUTOS = YES_AGGRESSIVE;
				GCC_WARN_UNUSED_FUNCTION = YES;
				GCC_WARN_UNUSED_VARIABLE = YES;
				IPHONEOS_DEPLOYMENT_TARGET = 17.0;
				LOCALIZATION_PREFERS_STRING_CATALOGS = YES;
				MTL_ENABLE_DEBUG_INFO = INCLUDE_SOURCE;
				MTL_FAST_MATH = YES;
				ONLY_ACTIVE_ARCH = YES;
				SDKROOT = iphoneos;
				SWIFT_ACTIVE_COMPILATION_CONDITIONS = "DEBUG $(inherited)";
				SWIFT_OPTIMIZATION_LEVEL = "-Onone";
			};
			name = Debug;
		};
		5D50E8C42B359F8600048370 /* Release */ = {
			isa = XCBuildConfiguration;
			buildSettings = {
				ALWAYS_SEARCH_USER_PATHS = NO;
				ASSETCATALOG_COMPILER_GENERATE_SWIFT_ASSET_SYMBOL_EXTENSIONS = YES;
				CLANG_ANALYZER_NONNULL = YES;
				CLANG_ANALYZER_NUMBER_OBJECT_CONVERSION = YES_AGGRESSIVE;
				CLANG_CXX_LANGUAGE_STANDARD = "gnu++20";
				CLANG_ENABLE_MODULES = YES;
				CLANG_ENABLE_OBJC_ARC = YES;
				CLANG_ENABLE_OBJC_WEAK = YES;
				CLANG_WARN_BLOCK_CAPTURE_AUTORELEASING = YES;
				CLANG_WARN_BOOL_CONVERSION = YES;
				CLANG_WARN_COMMA = YES;
				CLANG_WARN_CONSTANT_CONVERSION = YES;
				CLANG_WARN_DEPRECATED_OBJC_IMPLEMENTATIONS = YES;
				CLANG_WARN_DIRECT_OBJC_ISA_USAGE = YES_ERROR;
				CLANG_WARN_DOCUMENTATION_COMMENTS = YES;
				CLANG_WARN_EMPTY_BODY = YES;
				CLANG_WARN_ENUM_CONVERSION = YES;
				CLANG_WARN_INFINITE_RECURSION = YES;
				CLANG_WARN_INT_CONVERSION = YES;
				CLANG_WARN_NON_LITERAL_NULL_CONVERSION = YES;
				CLANG_WARN_OBJC_IMPLICIT_RETAIN_SELF = YES;
				CLANG_WARN_OBJC_LITERAL_CONVERSION = YES;
				CLANG_WARN_OBJC_ROOT_CLASS = YES_ERROR;
				CLANG_WARN_QUOTED_INCLUDE_IN_FRAMEWORK_HEADER = YES;
				CLANG_WARN_RANGE_LOOP_ANALYSIS = YES;
				CLANG_WARN_STRICT_PROTOTYPES = YES;
				CLANG_WARN_SUSPICIOUS_MOVE = YES;
				CLANG_WARN_UNGUARDED_AVAILABILITY = YES_AGGRESSIVE;
				CLANG_WARN_UNREACHABLE_CODE = YES;
				CLANG_WARN__DUPLICATE_METHOD_MATCH = YES;
				COPY_PHASE_STRIP = NO;
				DEBUG_INFORMATION_FORMAT = "dwarf-with-dsym";
				ENABLE_NS_ASSERTIONS = NO;
				ENABLE_STRICT_OBJC_MSGSEND = YES;
				ENABLE_USER_SCRIPT_SANDBOXING = YES;
				GCC_C_LANGUAGE_STANDARD = gnu17;
				GCC_NO_COMMON_BLOCKS = YES;
				GCC_WARN_64_TO_32_BIT_CONVERSION = YES;
				GCC_WARN_ABOUT_RETURN_TYPE = YES_ERROR;
				GCC_WARN_UNDECLARED_SELECTOR = YES;
				GCC_WARN_UNINITIALIZED_AUTOS = YES_AGGRESSIVE;
				GCC_WARN_UNUSED_FUNCTION = YES;
				GCC_WARN_UNUSED_VARIABLE = YES;
				IPHONEOS_DEPLOYMENT_TARGET = 17.0;
				LOCALIZATION_PREFERS_STRING_CATALOGS = YES;
				MTL_ENABLE_DEBUG_INFO = NO;
				MTL_FAST_MATH = YES;
				SDKROOT = iphoneos;
				SWIFT_COMPILATION_MODE = wholemodule;
				VALIDATE_PRODUCT = YES;
			};
			name = Release;
		};
		5D50E8C62B359F8600048370 /* Debug */ = {
			isa = XCBuildConfiguration;
			buildSettings = {
				ASSETCATALOG_COMPILER_APPICON_NAME = AppIcon;
				ASSETCATALOG_COMPILER_GLOBAL_ACCENT_COLOR_NAME = AccentColor;
				CODE_SIGN_STYLE = Automatic;
				CURRENT_PROJECT_VERSION = 1;
				DEVELOPMENT_ASSET_PATHS = "\"A39Gestures/Preview Content\"";
				DEVELOPMENT_TEAM = N6PQF93RKP;
				ENABLE_PREVIEWS = YES;
				GENERATE_INFOPLIST_FILE = YES;
				INFOPLIST_KEY_UIApplicationSceneManifest_Generation = YES;
				INFOPLIST_KEY_UIApplicationSupportsIndirectInputEvents = YES;
				INFOPLIST_KEY_UILaunchScreen_Generation = YES;
				INFOPLIST_KEY_UISupportedInterfaceOrientations_iPad = "UIInterfaceOrientationPortrait UIInterfaceOrientationPortraitUpsideDown UIInterfaceOrientationLandscapeLeft UIInterfaceOrientationLandscapeRight";
				INFOPLIST_KEY_UISupportedInterfaceOrientations_iPhone = "UIInterfaceOrientationPortrait UIInterfaceOrientationLandscapeLeft UIInterfaceOrientationLandscapeRight";
				LD_RUNPATH_SEARCH_PATHS = (
					"$(inherited)",
					"@executable_path/Frameworks",
				);
				MARKETING_VERSION = 1.0;
				PRODUCT_BUNDLE_IDENTIFIER = com.nat.A39Gestures;
				PRODUCT_NAME = "$(TARGET_NAME)";
				SWIFT_EMIT_LOC_STRINGS = YES;
				SWIFT_VERSION = 5.0;
				TARGETED_DEVICE_FAMILY = "1,2";
			};
			name = Debug;
		};
		5D50E8C72B359F8600048370 /* Release */ = {
			isa = XCBuildConfiguration;
			buildSettings = {
				ASSETCATALOG_COMPILER_APPICON_NAME = AppIcon;
				ASSETCATALOG_COMPILER_GLOBAL_ACCENT_COLOR_NAME = AccentColor;
				CODE_SIGN_STYLE = Automatic;
				CURRENT_PROJECT_VERSION = 1;
				DEVELOPMENT_ASSET_PATHS = "\"A39Gestures/Preview Content\"";
				DEVELOPMENT_TEAM = N6PQF93RKP;
				ENABLE_PREVIEWS = YES;
				GENERATE_INFOPLIST_FILE = YES;
				INFOPLIST_KEY_UIApplicationSceneManifest_Generation = YES;
				INFOPLIST_KEY_UIApplicationSupportsIndirectInputEvents = YES;
				INFOPLIST_KEY_UILaunchScreen_Generation = YES;
				INFOPLIST_KEY_UISupportedInterfaceOrientations_iPad = "UIInterfaceOrientationPortrait UIInterfaceOrientationPortraitUpsideDown UIInterfaceOrientationLandscapeLeft UIInterfaceOrientationLandscapeRight";
				INFOPLIST_KEY_UISupportedInterfaceOrientations_iPhone = "UIInterfaceOrientationPortrait UIInterfaceOrientationLandscapeLeft UIInterfaceOrientationLandscapeRight";
				LD_RUNPATH_SEARCH_PATHS = (
					"$(inherited)",
					"@executable_path/Frameworks",
				);
				MARKETING_VERSION = 1.0;
				PRODUCT_BUNDLE_IDENTIFIER = com.nat.A39Gestures;
				PRODUCT_NAME = "$(TARGET_NAME)";
				SWIFT_EMIT_LOC_STRINGS = YES;
				SWIFT_VERSION = 5.0;
				TARGETED_DEVICE_FAMILY = "1,2";
			};
			name = Release;
		};
/* End XCBuildConfiguration section */

/* Begin XCConfigurationList section */
		5D50E8B22B359F8500048370 /* Build configuration list for PBXProject "A39Gestures" */ = {
			isa = XCConfigurationList;
			buildConfigurations = (
				5D50E8C32B359F8600048370 /* Debug */,
				5D50E8C42B359F8600048370 /* Release */,
			);
			defaultConfigurationIsVisible = 0;
			defaultConfigurationName = Release;
		};
		5D50E8C52B359F8600048370 /* Build configuration list for PBXNativeTarget "A39Gestures" */ = {
			isa = XCConfigurationList;
			buildConfigurations = (
				5D50E8C62B359F8600048370 /* Debug */,
				5D50E8C72B359F8600048370 /* Release */,
			);
			defaultConfigurationIsVisible = 0;
			defaultConfigurationName = Release;
		};
/* End XCConfigurationList section */
	};
	rootObject = 5D50E8AF2B359F8500048370 /* Project object */;
}
