// !$*UTF8*$!
{
	archiveVersion = 1;
	classes = {
	};
	objectVersion = 56;
	objects = {

/* Begin PBXBuildFile section */
		5D9C8D582B230F44006A6561 /* A33ToDoApp.swift in Sources */ = {isa = PBXBuildFile; fileRef = 5D9C8D572B230F44006A6561 /* A33ToDoApp.swift */; };
		5D9C8D5C2B230F45006A6561 /* Assets.xcassets in Resources */ = {isa = PBXBuildFile; fileRef = 5D9C8D5B2B230F45006A6561 /* Assets.xcassets */; };
		5D9C8D5F2B230F45006A6561 /* Preview Assets.xcassets in Resources */ = {isa = PBXBuildFile; fileRef = 5D9C8D5E2B230F45006A6561 /* Preview Assets.xcassets */; };
		5D9C8D692B230FF3006A6561 /* ToDoMainView.swift in Sources */ = {isa = PBXBuildFile; fileRef = 5D9C8D682B230FF3006A6561 /* ToDoMainView.swift */; };
		5D9C8D6C2B2315C5006A6561 /* ToDoModel.swift in Sources */ = {isa = PBXBuildFile; fileRef = 5D9C8D6B2B2315C5006A6561 /* ToDoModel.swift */; };
		5D9C8D6E2B2317BE006A6561 /* taskView.swift in Sources */ = {isa = PBXBuildFile; fileRef = 5D9C8D6D2B2317BE006A6561 /* taskView.swift */; };
		5D9C8D702B232822006A6561 /* ProgressView.swift in Sources */ = {isa = PBXBuildFile; fileRef = 5D9C8D6F2B232822006A6561 /* ProgressView.swift */; };
/* End PBXBuildFile section */

/* Begin PBXFileReference section */
		5D9C8D542B230F44006A6561 /* A33ToDo.app */ = {isa = PBXFileReference; explicitFileType = wrapper.application; includeInIndex = 0; path = A33ToDo.app; sourceTree = BUILT_PRODUCTS_DIR; };
		5D9C8D572B230F44006A6561 /* A33ToDoApp.swift */ = {isa = PBXFileReference; lastKnownFileType = sourcecode.swift; path = A33ToDoApp.swift; sourceTree = "<group>"; };
		5D9C8D5B2B230F45006A6561 /* Assets.xcassets */ = {isa = PBXFileReference; lastKnownFileType = folder.assetcatalog; path = Assets.xcassets; sourceTree = "<group>"; };
		5D9C8D5E2B230F45006A6561 /* Preview Assets.xcassets */ = {isa = PBXFileReference; lastKnownFileType = folder.assetcatalog; path = "Preview Assets.xcassets"; sourceTree = "<group>"; };
		5D9C8D682B230FF3006A6561 /* ToDoMainView.swift */ = {isa = PBXFileReference; lastKnownFileType = sourcecode.swift; path = ToDoMainView.swift; sourceTree = "<group>"; };
		5D9C8D6B2B2315C5006A6561 /* ToDoModel.swift */ = {isa = PBXFileReference; lastKnownFileType = sourcecode.swift; path = ToDoModel.swift; sourceTree = "<group>"; };
		5D9C8D6D2B2317BE006A6561 /* taskView.swift */ = {isa = PBXFileReference; lastKnownFileType = sourcecode.swift; path = taskView.swift; sourceTree = "<group>"; };
		5D9C8D6F2B232822006A6561 /* ProgressView.swift */ = {isa = PBXFileReference; lastKnownFileType = sourcecode.swift; path = ProgressView.swift; sourceTree = "<group>"; };
/* End PBXFileReference section */

/* Begin PBXFrameworksBuildPhase section */
		5D9C8D512B230F44006A6561 /* Frameworks */ = {
			isa = PBXFrameworksBuildPhase;
			buildActionMask = 2147483647;
			files = (
			);
			runOnlyForDeploymentPostprocessing = 0;
		};
/* End PBXFrameworksBuildPhase section */

/* Begin PBXGroup section */
		5D9C8D4B2B230F44006A6561 = {
			isa = PBXGroup;
			children = (
				5D9C8D562B230F44006A6561 /* A33ToDo */,
				5D9C8D552B230F44006A6561 /* Products */,
			);
			sourceTree = "<group>";
		};
		5D9C8D552B230F44006A6561 /* Products */ = {
			isa = PBXGroup;
			children = (
				5D9C8D542B230F44006A6561 /* A33ToDo.app */,
			);
			name = Products;
			sourceTree = "<group>";
		};
		5D9C8D562B230F44006A6561 /* A33ToDo */ = {
			isa = PBXGroup;
			children = (
				5D9C8D662B230FD3006A6561 /* App */,
				5D9C8D6A2B2315A6006A6561 /* Model */,
				5D9C8D652B230FCE006A6561 /* View */,
				5D9C8D672B230FDA006A6561 /* Files */,
				5D9C8D5D2B230F45006A6561 /* Preview Content */,
			);
			path = A33ToDo;
			sourceTree = "<group>";
		};
		5D9C8D5D2B230F45006A6561 /* Preview Content */ = {
			isa = PBXGroup;
			children = (
				5D9C8D5E2B230F45006A6561 /* Preview Assets.xcassets */,
			);
			path = "Preview Content";
			sourceTree = "<group>";
		};
		5D9C8D652B230FCE006A6561 /* View */ = {
			isa = PBXGroup;
			children = (
				5D9C8D682B230FF3006A6561 /* ToDoMainView.swift */,
				5D9C8D6D2B2317BE006A6561 /* taskView.swift */,
				5D9C8D6F2B232822006A6561 /* ProgressView.swift */,
			);
			path = View;
			sourceTree = "<group>";
		};
		5D9C8D662B230FD3006A6561 /* App */ = {
			isa = PBXGroup;
			children = (
				5D9C8D572B230F44006A6561 /* A33ToDoApp.swift */,
			);
			path = App;
			sourceTree = "<group>";
		};
		5D9C8D672B230FDA006A6561 /* Files */ = {
			isa = PBXGroup;
			children = (
				5D9C8D5B2B230F45006A6561 /* Assets.xcassets */,
			);
			path = Files;
			sourceTree = "<group>";
		};
		5D9C8D6A2B2315A6006A6561 /* Model */ = {
			isa = PBXGroup;
			children = (
				5D9C8D6B2B2315C5006A6561 /* ToDoModel.swift */,
			);
			path = Model;
			sourceTree = "<group>";
		};
/* End PBXGroup section */

/* Begin PBXNativeTarget section */
		5D9C8D532B230F44006A6561 /* A33ToDo */ = {
			isa = PBXNativeTarget;
			buildConfigurationList = 5D9C8D622B230F45006A6561 /* Build configuration list for PBXNativeTarget "A33ToDo" */;
			buildPhases = (
				5D9C8D502B230F44006A6561 /* Sources */,
				5D9C8D512B230F44006A6561 /* Frameworks */,
				5D9C8D522B230F44006A6561 /* Resources */,
			);
			buildRules = (
			);
			dependencies = (
			);
			name = A33ToDo;
			productName = A33ToDo;
			productReference = 5D9C8D542B230F44006A6561 /* A33ToDo.app */;
			productType = "com.apple.product-type.application";
		};
/* End PBXNativeTarget section */

/* Begin PBXProject section */
		5D9C8D4C2B230F44006A6561 /* Project object */ = {
			isa = PBXProject;
			attributes = {
				BuildIndependentTargetsInParallel = 1;
				LastSwiftUpdateCheck = 1500;
				LastUpgradeCheck = 1500;
				TargetAttributes = {
					5D9C8D532B230F44006A6561 = {
						CreatedOnToolsVersion = 15.0;
					};
				};
			};
			buildConfigurationList = 5D9C8D4F2B230F44006A6561 /* Build configuration list for PBXProject "A33ToDo" */;
			compatibilityVersion = "Xcode 14.0";
			developmentRegion = en;
			hasScannedForEncodings = 0;
			knownRegions = (
				en,
				Base,
			);
			mainGroup = 5D9C8D4B2B230F44006A6561;
			productRefGroup = 5D9C8D552B230F44006A6561 /* Products */;
			projectDirPath = "";
			projectRoot = "";
			targets = (
				5D9C8D532B230F44006A6561 /* A33ToDo */,
			);
		};
/* End PBXProject section */

/* Begin PBXResourcesBuildPhase section */
		5D9C8D522B230F44006A6561 /* Resources */ = {
			isa = PBXResourcesBuildPhase;
			buildActionMask = 2147483647;
			files = (
				5D9C8D5F2B230F45006A6561 /* Preview Assets.xcassets in Resources */,
				5D9C8D5C2B230F45006A6561 /* Assets.xcassets in Resources */,
			);
			runOnlyForDeploymentPostprocessing = 0;
		};
/* End PBXResourcesBuildPhase section */

/* Begin PBXSourcesBuildPhase section */
		5D9C8D502B230F44006A6561 /* Sources */ = {
			isa = PBXSourcesBuildPhase;
			buildActionMask = 2147483647;
			files = (
				5D9C8D692B230FF3006A6561 /* ToDoMainView.swift in Sources */,
				5D9C8D582B230F44006A6561 /* A33ToDoApp.swift in Sources */,
				5D9C8D702B232822006A6561 /* ProgressView.swift in Sources */,
				5D9C8D6C2B2315C5006A6561 /* ToDoModel.swift in Sources */,
				5D9C8D6E2B2317BE006A6561 /* taskView.swift in Sources */,
			);
			runOnlyForDeploymentPostprocessing = 0;
		};
/* End PBXSourcesBuildPhase section */

/* Begin XCBuildConfiguration section */
		5D9C8D602B230F45006A6561 /* Debug */ = {
			isa = XCBuildConfiguration;
			buildSettings = {
				ALWAYS_SEARCH_USER_PATHS = NO;
				ASSETCATALOG_COMPILER_GENERATE_SWIFT_ASSET_SYMBOL_EXTENSIONS = YES;
				CLANG_ANALYZER_NONNULL = YES;
				CLANG_ANALYZER_NUMBER_OBJECT_CONVERSION = YES_AGGRESSIVE;
				CLANG_CXX_LANGUAGE_STANDARD = "gnu++20";
				CLANG_ENABLE_MODULES = YES;
				CLANG_ENABLE_OBJC_ARC = YES;
				CLANG_ENABLE_OBJC_WEAK = YES;
				CLANG_WARN_BLOCK_CAPTURE_AUTORELEASING = YES;
				CLANG_WARN_BOOL_CONVERSION = YES;
				CLANG_WARN_COMMA = YES;
				CLANG_WARN_CONSTANT_CONVERSION = YES;
				CLANG_WARN_DEPRECATED_OBJC_IMPLEMENTATIONS = YES;
				CLANG_WARN_DIRECT_OBJC_ISA_USAGE = YES_ERROR;
				CLANG_WARN_DOCUMENTATION_COMMENTS = YES;
				CLANG_WARN_EMPTY_BODY = YES;
				CLANG_WARN_ENUM_CONVERSION = YES;
				CLANG_WARN_INFINITE_RECURSION = YES;
				CLANG_WARN_INT_CONVERSION = YES;
				CLANG_WARN_NON_LITERAL_NULL_CONVERSION = YES;
				CLANG_WARN_OBJC_IMPLICIT_RETAIN_SELF = YES;
				CLANG_WARN_OBJC_LITERAL_CONVERSION = YES;
				CLANG_WARN_OBJC_ROOT_CLASS = YES_ERROR;
				CLANG_WARN_QUOTED_INCLUDE_IN_FRAMEWORK_HEADER = YES;
				CLANG_WARN_RANGE_LOOP_ANALYSIS = YES;
				CLANG_WARN_STRICT_PROTOTYPES = YES;
				CLANG_WARN_SUSPICIOUS_MOVE = YES;
				CLANG_WARN_UNGUARDED_AVAILABILITY = YES_AGGRESSIVE;
				CLANG_WARN_UNREACHABLE_CODE = YES;
				CLANG_WARN__DUPLICATE_METHOD_MATCH = YES;
				COPY_PHASE_STRIP = NO;
				DEBUG_INFORMATION_FORMAT = dwarf;
				ENABLE_STRICT_OBJC_MSGSEND = YES;
				ENABLE_TESTABILITY = YES;
				ENABLE_USER_SCRIPT_SANDBOXING = YES;
				GCC_C_LANGUAGE_STANDARD = gnu17;
				GCC_DYNAMIC_NO_PIC = NO;
				GCC_NO_COMMON_BLOCKS = YES;
				GCC_OPTIMIZATION_LEVEL = 0;
				GCC_PREPROCESSOR_DEFINITIONS = (
					"DEBUG=1",
					"$(inherited)",
				);
				GCC_WARN_64_TO_32_BIT_CONVERSION = YES;
				GCC_WARN_ABOUT_RETURN_TYPE = YES_ERROR;
				GCC_WARN_UNDECLARED_SELECTOR = YES;
				GCC_WARN_UNINITIALIZED_AUTOS = YES_AGGRESSIVE;
				GCC_WARN_UNUSED_FUNCTION = YES;
				GCC_WARN_UNUSED_VARIABLE = YES;
				IPHONEOS_DEPLOYMENT_TARGET = 17.0;
				LOCALIZATION_PREFERS_STRING_CATALOGS = YES;
				MTL_ENABLE_DEBUG_INFO = INCLUDE_SOURCE;
				MTL_FAST_MATH = YES;
				ONLY_ACTIVE_ARCH = YES;
				SDKROOT = iphoneos;
				SWIFT_ACTIVE_COMPILATION_CONDITIONS = "DEBUG $(inherited)";
				SWIFT_OPTIMIZATION_LEVEL = "-Onone";
			};
			name = Debug;
		};
		5D9C8D612B230F45006A6561 /* Release */ = {
			isa = XCBuildConfiguration;
			buildSettings = {
				ALWAYS_SEARCH_USER_PATHS = NO;
				ASSETCATALOG_COMPILER_GENERATE_SWIFT_ASSET_SYMBOL_EXTENSIONS = YES;
				CLANG_ANALYZER_NONNULL = YES;
				CLANG_ANALYZER_NUMBER_OBJECT_CONVERSION = YES_AGGRESSIVE;
				CLANG_CXX_LANGUAGE_STANDARD = "gnu++20";
				CLANG_ENABLE_MODULES = YES;
				CLANG_ENABLE_OBJC_ARC = YES;
				CLANG_ENABLE_OBJC_WEAK = YES;
				CLANG_WARN_BLOCK_CAPTURE_AUTORELEASING = YES;
				CLANG_WARN_BOOL_CONVERSION = YES;
				CLANG_WARN_COMMA = YES;
				CLANG_WARN_CONSTANT_CONVERSION = YES;
				CLANG_WARN_DEPRECATED_OBJC_IMPLEMENTATIONS = YES;
				CLANG_WARN_DIRECT_OBJC_ISA_USAGE = YES_ERROR;
				CLANG_WARN_DOCUMENTATION_COMMENTS = YES;
				CLANG_WARN_EMPTY_BODY = YES;
				CLANG_WARN_ENUM_CONVERSION = YES;
				CLANG_WARN_INFINITE_RECURSION = YES;
				CLANG_WARN_INT_CONVERSION = YES;
				CLANG_WARN_NON_LITERAL_NULL_CONVERSION = YES;
				CLANG_WARN_OBJC_IMPLICIT_RETAIN_SELF = YES;
				CLANG_WARN_OBJC_LITERAL_CONVERSION = YES;
				CLANG_WARN_OBJC_ROOT_CLASS = YES_ERROR;
				CLANG_WARN_QUOTED_INCLUDE_IN_FRAMEWORK_HEADER = YES;
				CLANG_WARN_RANGE_LOOP_ANALYSIS = YES;
				CLANG_WARN_STRICT_PROTOTYPES = YES;
				CLANG_WARN_SUSPICIOUS_MOVE = YES;
				CLANG_WARN_UNGUARDED_AVAILABILITY = YES_AGGRESSIVE;
				CLANG_WARN_UNREACHABLE_CODE = YES;
				CLANG_WARN__DUPLICATE_METHOD_MATCH = YES;
				COPY_PHASE_STRIP = NO;
				DEBUG_INFORMATION_FORMAT = "dwarf-with-dsym";
				ENABLE_NS_ASSERTIONS = NO;
				ENABLE_STRICT_OBJC_MSGSEND = YES;
				ENABLE_USER_SCRIPT_SANDBOXING = YES;
				GCC_C_LANGUAGE_STANDARD = gnu17;
				GCC_NO_COMMON_BLOCKS = YES;
				GCC_WARN_64_TO_32_BIT_CONVERSION = YES;
				GCC_WARN_ABOUT_RETURN_TYPE = YES_ERROR;
				GCC_WARN_UNDECLARED_SELECTOR = YES;
				GCC_WARN_UNINITIALIZED_AUTOS = YES_AGGRESSIVE;
				GCC_WARN_UNUSED_FUNCTION = YES;
				GCC_WARN_UNUSED_VARIABLE = YES;
				IPHONEOS_DEPLOYMENT_TARGET = 17.0;
				LOCALIZATION_PREFERS_STRING_CATALOGS = YES;
				MTL_ENABLE_DEBUG_INFO = NO;
				MTL_FAST_MATH = YES;
				SDKROOT = iphoneos;
				SWIFT_COMPILATION_MODE = wholemodule;
				VALIDATE_PRODUCT = YES;
			};
			name = Release;
		};
		5D9C8D632B230F45006A6561 /* Debug */ = {
			isa = XCBuildConfiguration;
			buildSettings = {
				ASSETCATALOG_COMPILER_APPICON_NAME = AppIcon;
				ASSETCATALOG_COMPILER_GLOBAL_ACCENT_COLOR_NAME = AccentColor;
				CODE_SIGN_STYLE = Automatic;
				CURRENT_PROJECT_VERSION = 1;
				DEVELOPMENT_ASSET_PATHS = "\"A33ToDo/Preview Content\"";
				DEVELOPMENT_TEAM = N6PQF93RKP;
				ENABLE_PREVIEWS = YES;
				GENERATE_INFOPLIST_FILE = YES;
				INFOPLIST_KEY_UIApplicationSceneManifest_Generation = YES;
				INFOPLIST_KEY_UIApplicationSupportsIndirectInputEvents = YES;
				INFOPLIST_KEY_UILaunchScreen_Generation = YES;
				INFOPLIST_KEY_UISupportedInterfaceOrientations_iPad = "UIInterfaceOrientationPortrait UIInterfaceOrientationPortraitUpsideDown UIInterfaceOrientationLandscapeLeft UIInterfaceOrientationLandscapeRight";
				INFOPLIST_KEY_UISupportedInterfaceOrientations_iPhone = "UIInterfaceOrientationPortrait UIInterfaceOrientationLandscapeLeft UIInterfaceOrientationLandscapeRight";
				LD_RUNPATH_SEARCH_PATHS = (
					"$(inherited)",
					"@executable_path/Frameworks",
				);
				MARKETING_VERSION = 1.0;
				PRODUCT_BUNDLE_IDENTIFIER = com.nat.A33ToDo;
				PRODUCT_NAME = "$(TARGET_NAME)";
				SWIFT_EMIT_LOC_STRINGS = YES;
				SWIFT_VERSION = 5.0;
				TARGETED_DEVICE_FAMILY = "1,2";
			};
			name = Debug;
		};
		5D9C8D642B230F45006A6561 /* Release */ = {
			isa = XCBuildConfiguration;
			buildSettings = {
				ASSETCATALOG_COMPILER_APPICON_NAME = AppIcon;
				ASSETCATALOG_COMPILER_GLOBAL_ACCENT_COLOR_NAME = AccentColor;
				CODE_SIGN_STYLE = Automatic;
				CURRENT_PROJECT_VERSION = 1;
				DEVELOPMENT_ASSET_PATHS = "\"A33ToDo/Preview Content\"";
				DEVELOPMENT_TEAM = N6PQF93RKP;
				ENABLE_PREVIEWS = YES;
				GENERATE_INFOPLIST_FILE = YES;
				INFOPLIST_KEY_UIApplicationSceneManifest_Generation = YES;
				INFOPLIST_KEY_UIApplicationSupportsIndirectInputEvents = YES;
				INFOPLIST_KEY_UILaunchScreen_Generation = YES;
				INFOPLIST_KEY_UISupportedInterfaceOrientations_iPad = "UIInterfaceOrientationPortrait UIInterfaceOrientationPortraitUpsideDown UIInterfaceOrientationLandscapeLeft UIInterfaceOrientationLandscapeRight";
				INFOPLIST_KEY_UISupportedInterfaceOrientations_iPhone = "UIInterfaceOrientationPortrait UIInterfaceOrientationLandscapeLeft UIInterfaceOrientationLandscapeRight";
				LD_RUNPATH_SEARCH_PATHS = (
					"$(inherited)",
					"@executable_path/Frameworks",
				);
				MARKETING_VERSION = 1.0;
				PRODUCT_BUNDLE_IDENTIFIER = com.nat.A33ToDo;
				PRODUCT_NAME = "$(TARGET_NAME)";
				SWIFT_EMIT_LOC_STRINGS = YES;
				SWIFT_VERSION = 5.0;
				TARGETED_DEVICE_FAMILY = "1,2";
			};
			name = Release;
		};
/* End XCBuildConfiguration section */

/* Begin XCConfigurationList section */
		5D9C8D4F2B230F44006A6561 /* Build configuration list for PBXProject "A33ToDo" */ = {
			isa = XCConfigurationList;
			buildConfigurations = (
				5D9C8D602B230F45006A6561 /* Debug */,
				5D9C8D612B230F45006A6561 /* Release */,
			);
			defaultConfigurationIsVisible = 0;
			defaultConfigurationName = Release;
		};
		5D9C8D622B230F45006A6561 /* Build configuration list for PBXNativeTarget "A33ToDo" */ = {
			isa = XCConfigurationList;
			buildConfigurations = (
				5D9C8D632B230F45006A6561 /* Debug */,
				5D9C8D642B230F45006A6561 /* Release */,
			);
			defaultConfigurationIsVisible = 0;
			defaultConfigurationName = Release;
		};
/* End XCConfigurationList section */
	};
	rootObject = 5D9C8D4C2B230F44006A6561 /* Project object */;
}
